
Microsoft Visual Studio Solution File, Format Version 11.00
# Visual Studio 2010
Project("{FAE04EC0-301F-11D3-BF4B-00C04F79EFBC}") = "Starter-iOS", "Starter-iOS\Starter-iOS.csproj", "{044066A7-4F56-429A-8866-B14CF24E4D41}"
EndProject
Project("{FAE04EC0-301F-11D3-BF4B-00C04F79EFBC}") = "Starter-Android", "Starter-Android\Starter-Android.csproj", "{A12987FB-B625-4502-9D11-89F5A29F7E51}"
EndProject
Project("{FAE04EC0-301F-11D3-BF4B-00C04F79EFBC}") = "Starter-Core", "Starter-Core\Starter-Core.csproj", "{B5EB1AF2-8FC7-4338-B652-323CB083B09F}"
EndProject
Global
	GlobalSection(SolutionConfigurationPlatforms) = preSolution
		Debug|iPhoneSimulator = Debug|iPhoneSimulator
		Release|iPhoneSimulator = Release|iPhoneSimulator
		Debug|iPhone = Debug|iPhone
		Release|iPhone = Release|iPhone
		Ad-Hoc|iPhone = Ad-Hoc|iPhone
		AppStore|iPhone = AppStore|iPhone
	EndGlobalSection
	GlobalSection(ProjectConfigurationPlatforms) = postSolution
		{044066A7-4F56-429A-8866-B14CF24E4D41}.Ad-Hoc|iPhone.ActiveCfg = Ad-Hoc|iPhone
		{044066A7-4F56-429A-8866-B14CF24E4D41}.Ad-Hoc|iPhone.Build.0 = Ad-Hoc|iPhone
		{044066A7-4F56-429A-8866-B14CF24E4D41}.AppStore|iPhone.ActiveCfg = AppStore|iPhone
		{044066A7-4F56-429A-8866-B14CF24E4D41}.AppStore|iPhone.Build.0 = AppStore|iPhone
		{044066A7-4F56-429A-8866-B14CF24E4D41}.Debug|iPhone.ActiveCfg = Debug|iPhone
		{044066A7-4F56-429A-8866-B14CF24E4D41}.Debug|iPhone.Build.0 = Debug|iPhone
		{044066A7-4F56-429A-8866-B14CF24E4D41}.Debug|iPhoneSimulator.ActiveCfg = Debug|iPhoneSimulator
		{044066A7-4F56-429A-8866-B14CF24E4D41}.Debug|iPhoneSimulator.Build.0 = Debug|iPhoneSimulator
		{044066A7-4F56-429A-8866-B14CF24E4D41}.Release|iPhone.ActiveCfg = Release|iPhone
		{044066A7-4F56-429A-8866-B14CF24E4D41}.Release|iPhone.Build.0 = Release|iPhone
		{044066A7-4F56-429A-8866-B14CF24E4D41}.Release|iPhoneSimulator.ActiveCfg = Release|iPhoneSimulator
		{044066A7-4F56-429A-8866-B14CF24E4D41}.Release|iPhoneSimulator.Build.0 = Release|iPhoneSimulator
		{A12987FB-B625-4502-9D11-89F5A29F7E51}.Ad-Hoc|iPhone.ActiveCfg = Release|Any CPU
		{A12987FB-B625-4502-9D11-89F5A29F7E51}.Ad-Hoc|iPhone.Build.0 = Release|Any CPU
		{A12987FB-B625-4502-9D11-89F5A29F7E51}.AppStore|iPhone.ActiveCfg = Release|Any CPU
		{A12987FB-B625-4502-9D11-89F5A29F7E51}.AppStore|iPhone.Build.0 = Release|Any CPU
		{A12987FB-B625-4502-9D11-89F5A29F7E51}.Debug|iPhone.ActiveCfg = Debug|Any CPU
		{A12987FB-B625-4502-9D11-89F5A29F7E51}.Debug|iPhone.Build.0 = Debug|Any CPU
		{A12987FB-B625-4502-9D11-89F5A29F7E51}.Debug|iPhoneSimulator.ActiveCfg = Debug|Any CPU
		{A12987FB-B625-4502-9D11-89F5A29F7E51}.Debug|iPhoneSimulator.Build.0 = Debug|Any CPU
		{A12987FB-B625-4502-9D11-89F5A29F7E51}.Release|iPhone.ActiveCfg = Release|Any CPU
		{A12987FB-B625-4502-9D11-89F5A29F7E51}.Release|iPhone.Build.0 = Release|Any CPU
		{A12987FB-B625-4502-9D11-89F5A29F7E51}.Release|iPhoneSimulator.ActiveCfg = Release|Any CPU
		{A12987FB-B625-4502-9D11-89F5A29F7E51}.Release|iPhoneSimulator.Build.0 = Release|Any CPU
		{B5EB1AF2-8FC7-4338-B652-323CB083B09F}.Ad-Hoc|iPhone.ActiveCfg = Release|Any CPU
		{B5EB1AF2-8FC7-4338-B652-323CB083B09F}.Ad-Hoc|iPhone.Build.0 = Release|Any CPU
		{B5EB1AF2-8FC7-4338-B652-323CB083B09F}.AppStore|iPhone.ActiveCfg = Release|Any CPU
		{B5EB1AF2-8FC7-4338-B652-323CB083B09F}.AppStore|iPhone.Build.0 = Release|Any CPU
		{B5EB1AF2-8FC7-4338-B652-323CB083B09F}.Debug|iPhone.ActiveCfg = Debug|Any CPU
		{B5EB1AF2-8FC7-4338-B652-323CB083B09F}.Debug|iPhone.Build.0 = Debug|Any CPU
		{B5EB1AF2-8FC7-4338-B652-323CB083B09F}.Debug|iPhoneSimulator.ActiveCfg = Debug|Any CPU
		{B5EB1AF2-8FC7-4338-B652-323CB083B09F}.Debug|iPhoneSimulator.Build.0 = Debug|Any CPU
		{B5EB1AF2-8FC7-4338-B652-323CB083B09F}.Release|iPhone.ActiveCfg = Release|Any CPU
		{B5EB1AF2-8FC7-4338-B652-323CB083B09F}.Release|iPhone.Build.0 = Release|Any CPU
		{B5EB1AF2-8FC7-4338-B652-323CB083B09F}.Release|iPhoneSimulator.ActiveCfg = Release|Any CPU
		{B5EB1AF2-8FC7-4338-B652-323CB083B09F}.Release|iPhoneSimulator.Build.0 = Release|Any CPU
	EndGlobalSection
	GlobalSection(MonoDevelopProperties) = preSolution
		StartupItem = Starter-Android\Starter-Android.csproj
		Policies = $0
		$0.TextStylePolicy = $1
		$1.FileWidth = 120
		$1.inheritsSet = VisualStudio
		$1.inheritsScope = text/plain
		$1.scope = text/plain
		$0.CSharpFormattingPolicy = $2
		$2.AutoPropertyFormatting = ForceOneLine
		$2.IndentPreprocessorDirectives = False
		$2.PropertyBraceStyle = NextLine
		$2.EventBraceStyle = NextLine
		$2.EmbeddedStatementPlacement = SameLine
		$2.ArrayInitializerBraceStyle = NextLine
		$2.BeforeMethodDeclarationParentheses = False
		$2.BeforeMethodCallParentheses = False
		$2.BeforeConstructorDeclarationParentheses = False
		$2.BeforeIndexerDeclarationBracket = False
		$2.BeforeDelegateDeclarationParentheses = False
		$2.AfterDelegateDeclarationParameterComma = True
		$2.NewParentheses = False
		$2.SpacesBeforeBrackets = False
		$2.AlignToFirstMethodDeclarationParameter = False
		$2.AlignToFirstIndexerDeclarationParameter = False
		$2.inheritsSet = Mono
		$2.inheritsScope = text/x-csharp
		$2.scope = text/x-csharp
		$0.TextStylePolicy = $3
		$3.inheritsSet = null
		$3.scope = text/x-csharp
	EndGlobalSection
EndGlobal
